
Microsoft Visual Studio Solution File, Format Version 12.00
Project("{FAE04EC0-301F-11D3-BF4B-00C04F79EFBC}") = "Japanreise", "Japanreise\Japanreise.csproj", "{EB05273E-7E10-441B-974D-1478C1B5CBA3}"
EndProject
Global
	GlobalSection(SolutionConfigurationPlatforms) = preSolution
		Debug|Any CPU = Debug|Any CPU
		Release|Any CPU = Release|Any CPU
	EndGlobalSection
	GlobalSection(ProjectConfigurationPlatforms) = postSolution
		{EB05273E-7E10-441B-974D-1478C1B5CBA3}.Debug|Any CPU.ActiveCfg = Debug|Any CPU
		{EB05273E-7E10-441B-974D-1478C1B5CBA3}.Debug|Any CPU.Build.0 = Debug|Any CPU
		{EB05273E-7E10-441B-974D-1478C1B5CBA3}.Release|Any CPU.ActiveCfg = Release|Any CPU
		{EB05273E-7E10-441B-974D-1478C1B5CBA3}.Release|Any CPU.Build.0 = Release|Any CPU
	EndGlobalSection
EndGlobal
